
Microsoft Visual Studio Solution File, Format Version 11.00
# Visual Studio 2010
Project("{FAE04EC0-301F-11D3-BF4B-00C04F79EFBC}") = "NBTY.Core.Containers.Ninject", "NBTY.Core.Containers.Ninject\NBTY.Core.Containers.Ninject.csproj", "{FF49114C-632A-4774-9260-D494B3FC3762}"
EndProject
Project("{FAE04EC0-301F-11D3-BF4B-00C04F79EFBC}") = "NBTY.Core.Containers.Ninject.NServiceBus", "NBTY.Core.Containers.Ninject.NServiceBus\NBTY.Core.Containers.Ninject.NServiceBus.csproj", "{3430D1E6-EE1F-4888-9975-FDDAABEBA7F5}"
EndProject
Project("{FAE04EC0-301F-11D3-BF4B-00C04F79EFBC}") = "NBTY.Core", "NBTY.Core\NBTY.Core.csproj", "{36626F00-E65A-4DF5-81EB-AF617B86A00F}"
EndProject
Project("{FAE04EC0-301F-11D3-BF4B-00C04F79EFBC}") = "ServerSaga", "ServerSaga\ServerSaga.csproj", "{5C673F2E-C23B-4AF3-B986-741C35E7E0D2}"
EndProject
Project("{FAE04EC0-301F-11D3-BF4B-00C04F79EFBC}") = "ClientSaga", "ClientSaga\ClientSaga.csproj", "{5253D4CB-0D76-4305-A0F6-34BB2C8366AE}"
EndProject
Project("{FAE04EC0-301F-11D3-BF4B-00C04F79EFBC}") = "Messages", "Messages\Messages.csproj", "{39F9982D-CCFA-4F97-8160-F6B8547BBCD5}"
EndProject
Global
	GlobalSection(SolutionConfigurationPlatforms) = preSolution
		Debug|Any CPU = Debug|Any CPU
		Debug|Mixed Platforms = Debug|Mixed Platforms
		Debug|x64 = Debug|x64
		Debug|x86 = Debug|x86
		Release|Any CPU = Release|Any CPU
		Release|Mixed Platforms = Release|Mixed Platforms
		Release|x64 = Release|x64
		Release|x86 = Release|x86
	EndGlobalSection
	GlobalSection(ProjectConfigurationPlatforms) = postSolution
		{FF49114C-632A-4774-9260-D494B3FC3762}.Debug|Any CPU.ActiveCfg = Debug|Any CPU
		{FF49114C-632A-4774-9260-D494B3FC3762}.Debug|Any CPU.Build.0 = Debug|Any CPU
		{FF49114C-632A-4774-9260-D494B3FC3762}.Debug|Mixed Platforms.ActiveCfg = Debug|Any CPU
		{FF49114C-632A-4774-9260-D494B3FC3762}.Debug|Mixed Platforms.Build.0 = Debug|Any CPU
		{FF49114C-632A-4774-9260-D494B3FC3762}.Debug|x64.ActiveCfg = Debug|Any CPU
		{FF49114C-632A-4774-9260-D494B3FC3762}.Debug|x86.ActiveCfg = Debug|Any CPU
		{FF49114C-632A-4774-9260-D494B3FC3762}.Release|Any CPU.ActiveCfg = Release|Any CPU
		{FF49114C-632A-4774-9260-D494B3FC3762}.Release|Any CPU.Build.0 = Release|Any CPU
		{FF49114C-632A-4774-9260-D494B3FC3762}.Release|Mixed Platforms.ActiveCfg = Release|Any CPU
		{FF49114C-632A-4774-9260-D494B3FC3762}.Release|Mixed Platforms.Build.0 = Release|Any CPU
		{FF49114C-632A-4774-9260-D494B3FC3762}.Release|x64.ActiveCfg = Release|Any CPU
		{FF49114C-632A-4774-9260-D494B3FC3762}.Release|x86.ActiveCfg = Release|Any CPU
		{3430D1E6-EE1F-4888-9975-FDDAABEBA7F5}.Debug|Any CPU.ActiveCfg = Debug|Any CPU
		{3430D1E6-EE1F-4888-9975-FDDAABEBA7F5}.Debug|Any CPU.Build.0 = Debug|Any CPU
		{3430D1E6-EE1F-4888-9975-FDDAABEBA7F5}.Debug|Mixed Platforms.ActiveCfg = Debug|Any CPU
		{3430D1E6-EE1F-4888-9975-FDDAABEBA7F5}.Debug|Mixed Platforms.Build.0 = Debug|Any CPU
		{3430D1E6-EE1F-4888-9975-FDDAABEBA7F5}.Debug|x64.ActiveCfg = Debug|Any CPU
		{3430D1E6-EE1F-4888-9975-FDDAABEBA7F5}.Debug|x86.ActiveCfg = Debug|Any CPU
		{3430D1E6-EE1F-4888-9975-FDDAABEBA7F5}.Release|Any CPU.ActiveCfg = Release|Any CPU
		{3430D1E6-EE1F-4888-9975-FDDAABEBA7F5}.Release|Any CPU.Build.0 = Release|Any CPU
		{3430D1E6-EE1F-4888-9975-FDDAABEBA7F5}.Release|Mixed Platforms.ActiveCfg = Release|Any CPU
		{3430D1E6-EE1F-4888-9975-FDDAABEBA7F5}.Release|Mixed Platforms.Build.0 = Release|Any CPU
		{3430D1E6-EE1F-4888-9975-FDDAABEBA7F5}.Release|x64.ActiveCfg = Release|Any CPU
		{3430D1E6-EE1F-4888-9975-FDDAABEBA7F5}.Release|x86.ActiveCfg = Release|Any CPU
		{36626F00-E65A-4DF5-81EB-AF617B86A00F}.Debug|Any CPU.ActiveCfg = Debug|Any CPU
		{36626F00-E65A-4DF5-81EB-AF617B86A00F}.Debug|Any CPU.Build.0 = Debug|Any CPU
		{36626F00-E65A-4DF5-81EB-AF617B86A00F}.Debug|Mixed Platforms.ActiveCfg = Debug|Any CPU
		{36626F00-E65A-4DF5-81EB-AF617B86A00F}.Debug|Mixed Platforms.Build.0 = Debug|Any CPU
		{36626F00-E65A-4DF5-81EB-AF617B86A00F}.Debug|x64.ActiveCfg = Debug|Any CPU
		{36626F00-E65A-4DF5-81EB-AF617B86A00F}.Debug|x86.ActiveCfg = Debug|Any CPU
		{36626F00-E65A-4DF5-81EB-AF617B86A00F}.Release|Any CPU.ActiveCfg = Release|Any CPU
		{36626F00-E65A-4DF5-81EB-AF617B86A00F}.Release|Any CPU.Build.0 = Release|Any CPU
		{36626F00-E65A-4DF5-81EB-AF617B86A00F}.Release|Mixed Platforms.ActiveCfg = Release|Any CPU
		{36626F00-E65A-4DF5-81EB-AF617B86A00F}.Release|Mixed Platforms.Build.0 = Release|Any CPU
		{36626F00-E65A-4DF5-81EB-AF617B86A00F}.Release|x64.ActiveCfg = Release|Any CPU
		{36626F00-E65A-4DF5-81EB-AF617B86A00F}.Release|x86.ActiveCfg = Release|Any CPU
		{5C673F2E-C23B-4AF3-B986-741C35E7E0D2}.Debug|Any CPU.ActiveCfg = Debug|Any CPU
		{5C673F2E-C23B-4AF3-B986-741C35E7E0D2}.Debug|Any CPU.Build.0 = Debug|Any CPU
		{5C673F2E-C23B-4AF3-B986-741C35E7E0D2}.Debug|Mixed Platforms.ActiveCfg = Debug|Any CPU
		{5C673F2E-C23B-4AF3-B986-741C35E7E0D2}.Debug|Mixed Platforms.Build.0 = Debug|Any CPU
		{5C673F2E-C23B-4AF3-B986-741C35E7E0D2}.Debug|x64.ActiveCfg = Debug|Any CPU
		{5C673F2E-C23B-4AF3-B986-741C35E7E0D2}.Debug|x64.Build.0 = Debug|Any CPU
		{5C673F2E-C23B-4AF3-B986-741C35E7E0D2}.Debug|x86.ActiveCfg = Debug|Any CPU
		{5C673F2E-C23B-4AF3-B986-741C35E7E0D2}.Release|Any CPU.ActiveCfg = Release|Any CPU
		{5C673F2E-C23B-4AF3-B986-741C35E7E0D2}.Release|Any CPU.Build.0 = Release|Any CPU
		{5C673F2E-C23B-4AF3-B986-741C35E7E0D2}.Release|Mixed Platforms.ActiveCfg = Release|Any CPU
		{5C673F2E-C23B-4AF3-B986-741C35E7E0D2}.Release|Mixed Platforms.Build.0 = Release|Any CPU
		{5C673F2E-C23B-4AF3-B986-741C35E7E0D2}.Release|x64.ActiveCfg = Release|x64
		{5C673F2E-C23B-4AF3-B986-741C35E7E0D2}.Release|x64.Build.0 = Release|x64
		{5C673F2E-C23B-4AF3-B986-741C35E7E0D2}.Release|x86.ActiveCfg = Release|Any CPU
		{5253D4CB-0D76-4305-A0F6-34BB2C8366AE}.Debug|Any CPU.ActiveCfg = Debug|Any CPU
		{5253D4CB-0D76-4305-A0F6-34BB2C8366AE}.Debug|Any CPU.Build.0 = Debug|Any CPU
		{5253D4CB-0D76-4305-A0F6-34BB2C8366AE}.Debug|Mixed Platforms.ActiveCfg = Debug|Any CPU
		{5253D4CB-0D76-4305-A0F6-34BB2C8366AE}.Debug|Mixed Platforms.Build.0 = Debug|Any CPU
		{5253D4CB-0D76-4305-A0F6-34BB2C8366AE}.Debug|x64.ActiveCfg = Debug|Any CPU
		{5253D4CB-0D76-4305-A0F6-34BB2C8366AE}.Debug|x64.Build.0 = Debug|Any CPU
		{5253D4CB-0D76-4305-A0F6-34BB2C8366AE}.Debug|x86.ActiveCfg = Debug|Any CPU
		{5253D4CB-0D76-4305-A0F6-34BB2C8366AE}.Release|Any CPU.ActiveCfg = Release|Any CPU
		{5253D4CB-0D76-4305-A0F6-34BB2C8366AE}.Release|Any CPU.Build.0 = Release|Any CPU
		{5253D4CB-0D76-4305-A0F6-34BB2C8366AE}.Release|Mixed Platforms.ActiveCfg = Release|Any CPU
		{5253D4CB-0D76-4305-A0F6-34BB2C8366AE}.Release|Mixed Platforms.Build.0 = Release|Any CPU
		{5253D4CB-0D76-4305-A0F6-34BB2C8366AE}.Release|x64.ActiveCfg = Release|Any CPU
		{5253D4CB-0D76-4305-A0F6-34BB2C8366AE}.Release|x86.ActiveCfg = Release|Any CPU
		{39F9982D-CCFA-4F97-8160-F6B8547BBCD5}.Debug|Any CPU.ActiveCfg = Debug|Any CPU
		{39F9982D-CCFA-4F97-8160-F6B8547BBCD5}.Debug|Any CPU.Build.0 = Debug|Any CPU
		{39F9982D-CCFA-4F97-8160-F6B8547BBCD5}.Debug|Mixed Platforms.ActiveCfg = Debug|Any CPU
		{39F9982D-CCFA-4F97-8160-F6B8547BBCD5}.Debug|Mixed Platforms.Build.0 = Debug|Any CPU
		{39F9982D-CCFA-4F97-8160-F6B8547BBCD5}.Debug|x64.ActiveCfg = Debug|Any CPU
		{39F9982D-CCFA-4F97-8160-F6B8547BBCD5}.Debug|x86.ActiveCfg = Debug|Any CPU
		{39F9982D-CCFA-4F97-8160-F6B8547BBCD5}.Release|Any CPU.ActiveCfg = Release|Any CPU
		{39F9982D-CCFA-4F97-8160-F6B8547BBCD5}.Release|Any CPU.Build.0 = Release|Any CPU
		{39F9982D-CCFA-4F97-8160-F6B8547BBCD5}.Release|Mixed Platforms.ActiveCfg = Release|Any CPU
		{39F9982D-CCFA-4F97-8160-F6B8547BBCD5}.Release|Mixed Platforms.Build.0 = Release|Any CPU
		{39F9982D-CCFA-4F97-8160-F6B8547BBCD5}.Release|x64.ActiveCfg = Release|Any CPU
		{39F9982D-CCFA-4F97-8160-F6B8547BBCD5}.Release|x86.ActiveCfg = Release|Any CPU
	EndGlobalSection
	GlobalSection(SolutionProperties) = preSolution
		HideSolutionNode = FALSE
	EndGlobalSection
EndGlobal
